
Microsoft Visual Studio Solution File, Format Version 12.00
# Visual Studio 15
VisualStudioVersion = 15.0.26730.12
MinimumVisualStudioVersion = 10.0.40219.1
Project("{FAE04EC0-301F-11D3-BF4B-00C04F79EFBC}") = "GUI", "GUI\GUI.csproj", "{FA9540BD-A0CF-41F9-9EF1-CF0ADF586D4C}"
EndProject
Project("{8BC9CEB8-8B4A-11D0-8D11-00A0C91BC942}") = "Comm", "Comm\Comm.vcxproj", "{88DC2ECC-2F1E-47CD-8409-85A646B6656C}"
EndProject
Project("{8BC9CEB8-8B4A-11D0-8D11-00A0C91BC942}") = "Utilities", "Utilities\Utilities.vcxproj", "{B914F6EC-C541-443B-8838-855910D98939}"
EndProject
Project("{8BC9CEB8-8B4A-11D0-8D11-00A0C91BC942}") = "FileSystem", "FileSystem\FileSystem.vcxproj", "{03FD7A2A-A43C-4075-9B4D-526E45036526}"
EndProject
Project("{8BC9CEB8-8B4A-11D0-8D11-00A0C91BC942}") = "Translater", "Translater\Translater.vcxproj", "{4316E952-9BBE-457C-9051-B4976272CEE3}"
EndProject
Project("{8BC9CEB8-8B4A-11D0-8D11-00A0C91BC942}") = "CommLibWrapper", "CommLibWrapper\CommLibWrapper.vcxproj", "{8BF0D4FD-2A63-47D7-A49E-43DAAAA43AE8}"
EndProject
Project("{8BC9CEB8-8B4A-11D0-8D11-00A0C91BC942}") = "Sockets", "Sockets\Sockets.vcxproj", "{194E4FEC-C16C-493F-B0C6-4109D20D2DE9}"
EndProject
Project("{8BC9CEB8-8B4A-11D0-8D11-00A0C91BC942}") = "Message", "Message\Message.vcxproj", "{6E77D976-A668-4C89-8C25-001EBF2677F4}"
EndProject
Project("{8BC9CEB8-8B4A-11D0-8D11-00A0C91BC942}") = "ServerPrototype", "ServerPrototype\ServerPrototype.vcxproj", "{DA4212CD-E5DB-412F-B11C-35DA9D56BA91}"
EndProject
Project("{8BC9CEB8-8B4A-11D0-8D11-00A0C91BC942}") = "DbCore", "DbCore\DbCore.vcxproj", "{B0B8CA28-4226-431B-9928-13749030BF52}"
EndProject
Project("{8BC9CEB8-8B4A-11D0-8D11-00A0C91BC942}") = "RepoCore", "RepoCore\RepoCore.vcxproj", "{7E1D9B7E-018D-46B5-BFC0-81E8771D53F7}"
EndProject
Project("{8BC9CEB8-8B4A-11D0-8D11-00A0C91BC942}") = "Browse", "Browse\Browse.vcxproj", "{4D5D5777-6ED8-4638-B97E-775975DA8B96}"
EndProject
Project("{8BC9CEB8-8B4A-11D0-8D11-00A0C91BC942}") = "CheckIn", "CheckIn\CheckIn.vcxproj", "{C80F9B26-E418-479E-854B-32EB3584BE64}"
EndProject
Project("{8BC9CEB8-8B4A-11D0-8D11-00A0C91BC942}") = "CheckOut", "CheckOut\CheckOut.vcxproj", "{7B523506-9F07-4F21-9074-1F6D09529D2B}"
EndProject
Project("{8BC9CEB8-8B4A-11D0-8D11-00A0C91BC942}") = "Version", "Version\Version.vcxproj", "{56BB729E-7940-4A13-9BA4-122146629FDD}"
EndProject
Project("{8BC9CEB8-8B4A-11D0-8D11-00A0C91BC942}") = "XmlDocument", "XmlDocument\XmlDocument.vcxproj", "{52CD4862-4AE7-44AC-B753-5C4A3733A8B0}"
EndProject
Global
	GlobalSection(SolutionConfigurationPlatforms) = preSolution
		Debug|Any CPU = Debug|Any CPU
		Debug|x64 = Debug|x64
		Debug|x86 = Debug|x86
		Release|Any CPU = Release|Any CPU
		Release|x64 = Release|x64
		Release|x86 = Release|x86
	EndGlobalSection
	GlobalSection(ProjectConfigurationPlatforms) = postSolution
		{FA9540BD-A0CF-41F9-9EF1-CF0ADF586D4C}.Debug|Any CPU.ActiveCfg = Debug|Any CPU
		{FA9540BD-A0CF-41F9-9EF1-CF0ADF586D4C}.Debug|Any CPU.Build.0 = Debug|Any CPU
		{FA9540BD-A0CF-41F9-9EF1-CF0ADF586D4C}.Debug|x64.ActiveCfg = Debug|Any CPU
		{FA9540BD-A0CF-41F9-9EF1-CF0ADF586D4C}.Debug|x64.Build.0 = Debug|Any CPU
		{FA9540BD-A0CF-41F9-9EF1-CF0ADF586D4C}.Debug|x86.ActiveCfg = Debug|Any CPU
		{FA9540BD-A0CF-41F9-9EF1-CF0ADF586D4C}.Debug|x86.Build.0 = Debug|Any CPU
		{FA9540BD-A0CF-41F9-9EF1-CF0ADF586D4C}.Release|Any CPU.ActiveCfg = Release|Any CPU
		{FA9540BD-A0CF-41F9-9EF1-CF0ADF586D4C}.Release|Any CPU.Build.0 = Release|Any CPU
		{FA9540BD-A0CF-41F9-9EF1-CF0ADF586D4C}.Release|x64.ActiveCfg = Release|Any CPU
		{FA9540BD-A0CF-41F9-9EF1-CF0ADF586D4C}.Release|x64.Build.0 = Release|Any CPU
		{FA9540BD-A0CF-41F9-9EF1-CF0ADF586D4C}.Release|x86.ActiveCfg = Release|Any CPU
		{FA9540BD-A0CF-41F9-9EF1-CF0ADF586D4C}.Release|x86.Build.0 = Release|Any CPU
		{88DC2ECC-2F1E-47CD-8409-85A646B6656C}.Debug|Any CPU.ActiveCfg = Debug|Win32
		{88DC2ECC-2F1E-47CD-8409-85A646B6656C}.Debug|x64.ActiveCfg = Debug|x64
		{88DC2ECC-2F1E-47CD-8409-85A646B6656C}.Debug|x64.Build.0 = Debug|x64
		{88DC2ECC-2F1E-47CD-8409-85A646B6656C}.Debug|x86.ActiveCfg = Debug|Win32
		{88DC2ECC-2F1E-47CD-8409-85A646B6656C}.Debug|x86.Build.0 = Debug|Win32
		{88DC2ECC-2F1E-47CD-8409-85A646B6656C}.Release|Any CPU.ActiveCfg = Release|Win32
		{88DC2ECC-2F1E-47CD-8409-85A646B6656C}.Release|x64.ActiveCfg = Release|x64
		{88DC2ECC-2F1E-47CD-8409-85A646B6656C}.Release|x64.Build.0 = Release|x64
		{88DC2ECC-2F1E-47CD-8409-85A646B6656C}.Release|x86.ActiveCfg = Release|Win32
		{88DC2ECC-2F1E-47CD-8409-85A646B6656C}.Release|x86.Build.0 = Release|Win32
		{B914F6EC-C541-443B-8838-855910D98939}.Debug|Any CPU.ActiveCfg = Debug|Win32
		{B914F6EC-C541-443B-8838-855910D98939}.Debug|x64.ActiveCfg = Debug|x64
		{B914F6EC-C541-443B-8838-855910D98939}.Debug|x64.Build.0 = Debug|x64
		{B914F6EC-C541-443B-8838-855910D98939}.Debug|x86.ActiveCfg = Debug|Win32
		{B914F6EC-C541-443B-8838-855910D98939}.Debug|x86.Build.0 = Debug|Win32
		{B914F6EC-C541-443B-8838-855910D98939}.Release|Any CPU.ActiveCfg = Release|Win32
		{B914F6EC-C541-443B-8838-855910D98939}.Release|x64.ActiveCfg = Release|x64
		{B914F6EC-C541-443B-8838-855910D98939}.Release|x64.Build.0 = Release|x64
		{B914F6EC-C541-443B-8838-855910D98939}.Release|x86.ActiveCfg = Release|Win32
		{B914F6EC-C541-443B-8838-855910D98939}.Release|x86.Build.0 = Release|Win32
		{03FD7A2A-A43C-4075-9B4D-526E45036526}.Debug|Any CPU.ActiveCfg = Debug|Win32
		{03FD7A2A-A43C-4075-9B4D-526E45036526}.Debug|x64.ActiveCfg = Debug|x64
		{03FD7A2A-A43C-4075-9B4D-526E45036526}.Debug|x64.Build.0 = Debug|x64
		{03FD7A2A-A43C-4075-9B4D-526E45036526}.Debug|x86.ActiveCfg = Debug|Win32
		{03FD7A2A-A43C-4075-9B4D-526E45036526}.Debug|x86.Build.0 = Debug|Win32
		{03FD7A2A-A43C-4075-9B4D-526E45036526}.Release|Any CPU.ActiveCfg = Release|Win32
		{03FD7A2A-A43C-4075-9B4D-526E45036526}.Release|x64.ActiveCfg = Release|x64
		{03FD7A2A-A43C-4075-9B4D-526E45036526}.Release|x64.Build.0 = Release|x64
		{03FD7A2A-A43C-4075-9B4D-526E45036526}.Release|x86.ActiveCfg = Release|Win32
		{03FD7A2A-A43C-4075-9B4D-526E45036526}.Release|x86.Build.0 = Release|Win32
		{4316E952-9BBE-457C-9051-B4976272CEE3}.Debug|Any CPU.ActiveCfg = Debug|Win32
		{4316E952-9BBE-457C-9051-B4976272CEE3}.Debug|x64.ActiveCfg = Debug|x64
		{4316E952-9BBE-457C-9051-B4976272CEE3}.Debug|x64.Build.0 = Debug|x64
		{4316E952-9BBE-457C-9051-B4976272CEE3}.Debug|x86.ActiveCfg = Debug|Win32
		{4316E952-9BBE-457C-9051-B4976272CEE3}.Debug|x86.Build.0 = Debug|Win32
		{4316E952-9BBE-457C-9051-B4976272CEE3}.Release|Any CPU.ActiveCfg = Release|Win32
		{4316E952-9BBE-457C-9051-B4976272CEE3}.Release|x64.ActiveCfg = Release|x64
		{4316E952-9BBE-457C-9051-B4976272CEE3}.Release|x64.Build.0 = Release|x64
		{4316E952-9BBE-457C-9051-B4976272CEE3}.Release|x86.ActiveCfg = Release|Win32
		{4316E952-9BBE-457C-9051-B4976272CEE3}.Release|x86.Build.0 = Release|Win32
		{8BF0D4FD-2A63-47D7-A49E-43DAAAA43AE8}.Debug|Any CPU.ActiveCfg = Debug|Win32
		{8BF0D4FD-2A63-47D7-A49E-43DAAAA43AE8}.Debug|x64.ActiveCfg = Debug|x64
		{8BF0D4FD-2A63-47D7-A49E-43DAAAA43AE8}.Debug|x64.Build.0 = Debug|x64
		{8BF0D4FD-2A63-47D7-A49E-43DAAAA43AE8}.Debug|x86.ActiveCfg = Debug|Win32
		{8BF0D4FD-2A63-47D7-A49E-43DAAAA43AE8}.Debug|x86.Build.0 = Debug|Win32
		{8BF0D4FD-2A63-47D7-A49E-43DAAAA43AE8}.Release|Any CPU.ActiveCfg = Release|Win32
		{8BF0D4FD-2A63-47D7-A49E-43DAAAA43AE8}.Release|x64.ActiveCfg = Release|x64
		{8BF0D4FD-2A63-47D7-A49E-43DAAAA43AE8}.Release|x64.Build.0 = Release|x64
		{8BF0D4FD-2A63-47D7-A49E-43DAAAA43AE8}.Release|x86.ActiveCfg = Release|Win32
		{8BF0D4FD-2A63-47D7-A49E-43DAAAA43AE8}.Release|x86.Build.0 = Release|Win32
		{194E4FEC-C16C-493F-B0C6-4109D20D2DE9}.Debug|Any CPU.ActiveCfg = Debug|Win32
		{194E4FEC-C16C-493F-B0C6-4109D20D2DE9}.Debug|x64.ActiveCfg = Debug|x64
		{194E4FEC-C16C-493F-B0C6-4109D20D2DE9}.Debug|x64.Build.0 = Debug|x64
		{194E4FEC-C16C-493F-B0C6-4109D20D2DE9}.Debug|x86.ActiveCfg = Debug|Win32
		{194E4FEC-C16C-493F-B0C6-4109D20D2DE9}.Debug|x86.Build.0 = Debug|Win32
		{194E4FEC-C16C-493F-B0C6-4109D20D2DE9}.Release|Any CPU.ActiveCfg = Release|Win32
		{194E4FEC-C16C-493F-B0C6-4109D20D2DE9}.Release|x64.ActiveCfg = Release|x64
		{194E4FEC-C16C-493F-B0C6-4109D20D2DE9}.Release|x64.Build.0 = Release|x64
		{194E4FEC-C16C-493F-B0C6-4109D20D2DE9}.Release|x86.ActiveCfg = Release|Win32
		{194E4FEC-C16C-493F-B0C6-4109D20D2DE9}.Release|x86.Build.0 = Release|Win32
		{6E77D976-A668-4C89-8C25-001EBF2677F4}.Debug|Any CPU.ActiveCfg = Debug|Win32
		{6E77D976-A668-4C89-8C25-001EBF2677F4}.Debug|x64.ActiveCfg = Debug|x64
		{6E77D976-A668-4C89-8C25-001EBF2677F4}.Debug|x64.Build.0 = Debug|x64
		{6E77D976-A668-4C89-8C25-001EBF2677F4}.Debug|x86.ActiveCfg = Debug|Win32
		{6E77D976-A668-4C89-8C25-001EBF2677F4}.Debug|x86.Build.0 = Debug|Win32
		{6E77D976-A668-4C89-8C25-001EBF2677F4}.Release|Any CPU.ActiveCfg = Release|Win32
		{6E77D976-A668-4C89-8C25-001EBF2677F4}.Release|x64.ActiveCfg = Release|x64
		{6E77D976-A668-4C89-8C25-001EBF2677F4}.Release|x64.Build.0 = Release|x64
		{6E77D976-A668-4C89-8C25-001EBF2677F4}.Release|x86.ActiveCfg = Release|Win32
		{6E77D976-A668-4C89-8C25-001EBF2677F4}.Release|x86.Build.0 = Release|Win32
		{DA4212CD-E5DB-412F-B11C-35DA9D56BA91}.Debug|Any CPU.ActiveCfg = Debug|Win32
		{DA4212CD-E5DB-412F-B11C-35DA9D56BA91}.Debug|x64.ActiveCfg = Debug|x64
		{DA4212CD-E5DB-412F-B11C-35DA9D56BA91}.Debug|x64.Build.0 = Debug|x64
		{DA4212CD-E5DB-412F-B11C-35DA9D56BA91}.Debug|x86.ActiveCfg = Debug|Win32
		{DA4212CD-E5DB-412F-B11C-35DA9D56BA91}.Debug|x86.Build.0 = Debug|Win32
		{DA4212CD-E5DB-412F-B11C-35DA9D56BA91}.Release|Any CPU.ActiveCfg = Release|Win32
		{DA4212CD-E5DB-412F-B11C-35DA9D56BA91}.Release|x64.ActiveCfg = Release|x64
		{DA4212CD-E5DB-412F-B11C-35DA9D56BA91}.Release|x64.Build.0 = Release|x64
		{DA4212CD-E5DB-412F-B11C-35DA9D56BA91}.Release|x86.ActiveCfg = Release|Win32
		{DA4212CD-E5DB-412F-B11C-35DA9D56BA91}.Release|x86.Build.0 = Release|Win32
		{B0B8CA28-4226-431B-9928-13749030BF52}.Debug|Any CPU.ActiveCfg = Debug|Win32
		{B0B8CA28-4226-431B-9928-13749030BF52}.Debug|x64.ActiveCfg = Debug|x64
		{B0B8CA28-4226-431B-9928-13749030BF52}.Debug|x64.Build.0 = Debug|x64
		{B0B8CA28-4226-431B-9928-13749030BF52}.Debug|x86.ActiveCfg = Debug|Win32
		{B0B8CA28-4226-431B-9928-13749030BF52}.Debug|x86.Build.0 = Debug|Win32
		{B0B8CA28-4226-431B-9928-13749030BF52}.Release|Any CPU.ActiveCfg = Release|Win32
		{B0B8CA28-4226-431B-9928-13749030BF52}.Release|x64.ActiveCfg = Release|x64
		{B0B8CA28-4226-431B-9928-13749030BF52}.Release|x64.Build.0 = Release|x64
		{B0B8CA28-4226-431B-9928-13749030BF52}.Release|x86.ActiveCfg = Release|Win32
		{B0B8CA28-4226-431B-9928-13749030BF52}.Release|x86.Build.0 = Release|Win32
		{7E1D9B7E-018D-46B5-BFC0-81E8771D53F7}.Debug|Any CPU.ActiveCfg = Debug|Win32
		{7E1D9B7E-018D-46B5-BFC0-81E8771D53F7}.Debug|x64.ActiveCfg = Debug|x64
		{7E1D9B7E-018D-46B5-BFC0-81E8771D53F7}.Debug|x64.Build.0 = Debug|x64
		{7E1D9B7E-018D-46B5-BFC0-81E8771D53F7}.Debug|x86.ActiveCfg = Debug|Win32
		{7E1D9B7E-018D-46B5-BFC0-81E8771D53F7}.Debug|x86.Build.0 = Debug|Win32
		{7E1D9B7E-018D-46B5-BFC0-81E8771D53F7}.Release|Any CPU.ActiveCfg = Release|Win32
		{7E1D9B7E-018D-46B5-BFC0-81E8771D53F7}.Release|x64.ActiveCfg = Release|x64
		{7E1D9B7E-018D-46B5-BFC0-81E8771D53F7}.Release|x64.Build.0 = Release|x64
		{7E1D9B7E-018D-46B5-BFC0-81E8771D53F7}.Release|x86.ActiveCfg = Release|Win32
		{7E1D9B7E-018D-46B5-BFC0-81E8771D53F7}.Release|x86.Build.0 = Release|Win32
		{4D5D5777-6ED8-4638-B97E-775975DA8B96}.Debug|Any CPU.ActiveCfg = Debug|Win32
		{4D5D5777-6ED8-4638-B97E-775975DA8B96}.Debug|x64.ActiveCfg = Debug|x64
		{4D5D5777-6ED8-4638-B97E-775975DA8B96}.Debug|x64.Build.0 = Debug|x64
		{4D5D5777-6ED8-4638-B97E-775975DA8B96}.Debug|x86.ActiveCfg = Debug|Win32
		{4D5D5777-6ED8-4638-B97E-775975DA8B96}.Debug|x86.Build.0 = Debug|Win32
		{4D5D5777-6ED8-4638-B97E-775975DA8B96}.Release|Any CPU.ActiveCfg = Release|Win32
		{4D5D5777-6ED8-4638-B97E-775975DA8B96}.Release|x64.ActiveCfg = Release|x64
		{4D5D5777-6ED8-4638-B97E-775975DA8B96}.Release|x64.Build.0 = Release|x64
		{4D5D5777-6ED8-4638-B97E-775975DA8B96}.Release|x86.ActiveCfg = Release|Win32
		{4D5D5777-6ED8-4638-B97E-775975DA8B96}.Release|x86.Build.0 = Release|Win32
		{C80F9B26-E418-479E-854B-32EB3584BE64}.Debug|Any CPU.ActiveCfg = Debug|Win32
		{C80F9B26-E418-479E-854B-32EB3584BE64}.Debug|x64.ActiveCfg = Debug|x64
		{C80F9B26-E418-479E-854B-32EB3584BE64}.Debug|x64.Build.0 = Debug|x64
		{C80F9B26-E418-479E-854B-32EB3584BE64}.Debug|x86.ActiveCfg = Debug|Win32
		{C80F9B26-E418-479E-854B-32EB3584BE64}.Debug|x86.Build.0 = Debug|Win32
		{C80F9B26-E418-479E-854B-32EB3584BE64}.Release|Any CPU.ActiveCfg = Release|Win32
		{C80F9B26-E418-479E-854B-32EB3584BE64}.Release|x64.ActiveCfg = Release|x64
		{C80F9B26-E418-479E-854B-32EB3584BE64}.Release|x64.Build.0 = Release|x64
		{C80F9B26-E418-479E-854B-32EB3584BE64}.Release|x86.ActiveCfg = Release|Win32
		{C80F9B26-E418-479E-854B-32EB3584BE64}.Release|x86.Build.0 = Release|Win32
		{7B523506-9F07-4F21-9074-1F6D09529D2B}.Debug|Any CPU.ActiveCfg = Debug|Win32
		{7B523506-9F07-4F21-9074-1F6D09529D2B}.Debug|x64.ActiveCfg = Debug|x64
		{7B523506-9F07-4F21-9074-1F6D09529D2B}.Debug|x64.Build.0 = Debug|x64
		{7B523506-9F07-4F21-9074-1F6D09529D2B}.Debug|x86.ActiveCfg = Debug|Win32
		{7B523506-9F07-4F21-9074-1F6D09529D2B}.Debug|x86.Build.0 = Debug|Win32
		{7B523506-9F07-4F21-9074-1F6D09529D2B}.Release|Any CPU.ActiveCfg = Release|Win32
		{7B523506-9F07-4F21-9074-1F6D09529D2B}.Release|x64.ActiveCfg = Release|x64
		{7B523506-9F07-4F21-9074-1F6D09529D2B}.Release|x64.Build.0 = Release|x64
		{7B523506-9F07-4F21-9074-1F6D09529D2B}.Release|x86.ActiveCfg = Release|Win32
		{7B523506-9F07-4F21-9074-1F6D09529D2B}.Release|x86.Build.0 = Release|Win32
		{56BB729E-7940-4A13-9BA4-122146629FDD}.Debug|Any CPU.ActiveCfg = Debug|Win32
		{56BB729E-7940-4A13-9BA4-122146629FDD}.Debug|x64.ActiveCfg = Debug|x64
		{56BB729E-7940-4A13-9BA4-122146629FDD}.Debug|x64.Build.0 = Debug|x64
		{56BB729E-7940-4A13-9BA4-122146629FDD}.Debug|x86.ActiveCfg = Debug|Win32
		{56BB729E-7940-4A13-9BA4-122146629FDD}.Debug|x86.Build.0 = Debug|Win32
		{56BB729E-7940-4A13-9BA4-122146629FDD}.Release|Any CPU.ActiveCfg = Release|Win32
		{56BB729E-7940-4A13-9BA4-122146629FDD}.Release|x64.ActiveCfg = Release|x64
		{56BB729E-7940-4A13-9BA4-122146629FDD}.Release|x64.Build.0 = Release|x64
		{56BB729E-7940-4A13-9BA4-122146629FDD}.Release|x86.ActiveCfg = Release|Win32
		{56BB729E-7940-4A13-9BA4-122146629FDD}.Release|x86.Build.0 = Release|Win32
		{52CD4862-4AE7-44AC-B753-5C4A3733A8B0}.Debug|Any CPU.ActiveCfg = Debug|Win32
		{52CD4862-4AE7-44AC-B753-5C4A3733A8B0}.Debug|x64.ActiveCfg = Debug|x64
		{52CD4862-4AE7-44AC-B753-5C4A3733A8B0}.Debug|x64.Build.0 = Debug|x64
		{52CD4862-4AE7-44AC-B753-5C4A3733A8B0}.Debug|x86.ActiveCfg = Debug|Win32
		{52CD4862-4AE7-44AC-B753-5C4A3733A8B0}.Debug|x86.Build.0 = Debug|Win32
		{52CD4862-4AE7-44AC-B753-5C4A3733A8B0}.Release|Any CPU.ActiveCfg = Release|Win32
		{52CD4862-4AE7-44AC-B753-5C4A3733A8B0}.Release|x64.ActiveCfg = Release|x64
		{52CD4862-4AE7-44AC-B753-5C4A3733A8B0}.Release|x64.Build.0 = Release|x64
		{52CD4862-4AE7-44AC-B753-5C4A3733A8B0}.Release|x86.ActiveCfg = Release|Win32
		{52CD4862-4AE7-44AC-B753-5C4A3733A8B0}.Release|x86.Build.0 = Release|Win32
	EndGlobalSection
	GlobalSection(SolutionProperties) = preSolution
		HideSolutionNode = FALSE
	EndGlobalSection
	GlobalSection(ExtensibilityGlobals) = postSolution
		SolutionGuid = {5EBDAE29-8EEF-4C10-AF4E-EC0368C56F1D}
	EndGlobalSection
EndGlobal
